
Microsoft Visual Studio Solution File, Format Version 12.00
# Visual Studio Version 16
VisualStudioVersion = 16.0.28721.148
MinimumVisualStudioVersion = 10.0.40219.1
Project("{2150E333-8FDC-42A3-9474-1A3956D46DE8}") = "Tests", "Tests", "{15CDAB18-5ADD-4473-9919-2CF4C0CEF1D5}"
EndProject
Project("{2150E333-8FDC-42A3-9474-1A3956D46DE8}") = "Core", "Core", "{70D0E0A0-E3D6-438B-82CC-E29149BF1DA1}"
EndProject
Project("{9A19103F-16F7-4668-BE54-9A1E7A4F7556}") = "Breakdance.Assemblies", "CloudNimble.Breakdance.Assemblies\Breakdance.Assemblies.csproj", "{C76FBD7B-4399-46D8-8C4D-EA0CF1193BA3}"
EndProject
Project("{9A19103F-16F7-4668-BE54-9A1E7A4F7556}") = "Breakdance.WebApi", "CloudNimble.Breakdance.WebApi\Breakdance.WebApi.csproj", "{9B1EF3FA-44DB-430C-8264-6DF8FF4269E6}"
EndProject
Project("{2150E333-8FDC-42A3-9474-1A3956D46DE8}") = "Solution Items", "Solution Items", "{F4D52396-C8E7-45A4-86AE-A3B626CC80EA}"
	ProjectSection(SolutionItems) = preProject
		.editorconfig = .editorconfig
		Directory.Build.props = Directory.Build.props
		global.json = global.json
		..\README.md = ..\README.md
	EndProjectSection
EndProject
Project("{9A19103F-16F7-4668-BE54-9A1E7A4F7556}") = "Breakdance.Tests.Assemblies", "CloudNimble.Breakdance.Tests.Assemblies\Breakdance.Tests.Assemblies.csproj", "{6A4813C0-9630-4EED-AA94-22DFEBC634F3}"
EndProject
Project("{9A19103F-16F7-4668-BE54-9A1E7A4F7556}") = "Breakdance.Tests.WebApi", "CloudNimble.Breakdance.Tests.WebApi\Breakdance.Tests.WebApi.csproj", "{73AD8F91-91B4-4BB9-9371-2AC0030F842B}"
EndProject
Project("{2150E333-8FDC-42A3-9474-1A3956D46DE8}") = "Templates", "Templates", "{A17B6FBF-CC19-4095-9858-511BE5BB9153}"
EndProject
Project("{2150E333-8FDC-42A3-9474-1A3956D46DE8}") = "Tools", "Tools", "{5ED113B8-216E-48A0-80E4-1C8ACC2297D7}"
EndProject
Project("{9A19103F-16F7-4668-BE54-9A1E7A4F7556}") = "CloudNimble.Breakdance.Tools", "CloudNimble.Breakdance.Tools\CloudNimble.Breakdance.Tools.csproj", "{6011B313-B5BE-4EB1-85EA-B5033C4EBDA4}"
EndProject
Project("{9A19103F-16F7-4668-BE54-9A1E7A4F7556}") = "Breakdance.Restier", "CloudNimble.Breakdance.Restier\Breakdance.Restier.csproj", "{3080C14F-FE27-4A11-A11E-7DF1FCF40511}"
EndProject
Project("{FAE04EC0-301F-11D3-BF4B-00C04F79EFBC}") = "Breakdance.Blazor", "Breakdance.Blazor\Breakdance.Blazor.csproj", "{AE74754E-CF06-4624-AD95-739CD72FC771}"
EndProject
Project("{FAE04EC0-301F-11D3-BF4B-00C04F79EFBC}") = "Breakdance.Tests.Blazor", "Breakdance.Tests.Blazor\Breakdance.Tests.Blazor.csproj", "{9696C698-FEB7-4521-B006-447B7B6FA10C}"
EndProject
Global
	GlobalSection(SolutionConfigurationPlatforms) = preSolution
		Debug|Any CPU = Debug|Any CPU
		Release|Any CPU = Release|Any CPU
	EndGlobalSection
	GlobalSection(ProjectConfigurationPlatforms) = postSolution
		{C76FBD7B-4399-46D8-8C4D-EA0CF1193BA3}.Debug|Any CPU.ActiveCfg = Debug|Any CPU
		{C76FBD7B-4399-46D8-8C4D-EA0CF1193BA3}.Debug|Any CPU.Build.0 = Debug|Any CPU
		{C76FBD7B-4399-46D8-8C4D-EA0CF1193BA3}.Release|Any CPU.ActiveCfg = Release|Any CPU
		{C76FBD7B-4399-46D8-8C4D-EA0CF1193BA3}.Release|Any CPU.Build.0 = Release|Any CPU
		{9B1EF3FA-44DB-430C-8264-6DF8FF4269E6}.Debug|Any CPU.ActiveCfg = Debug|Any CPU
		{9B1EF3FA-44DB-430C-8264-6DF8FF4269E6}.Debug|Any CPU.Build.0 = Debug|Any CPU
		{9B1EF3FA-44DB-430C-8264-6DF8FF4269E6}.Release|Any CPU.ActiveCfg = Release|Any CPU
		{9B1EF3FA-44DB-430C-8264-6DF8FF4269E6}.Release|Any CPU.Build.0 = Release|Any CPU
		{6A4813C0-9630-4EED-AA94-22DFEBC634F3}.Debug|Any CPU.ActiveCfg = Debug|Any CPU
		{6A4813C0-9630-4EED-AA94-22DFEBC634F3}.Debug|Any CPU.Build.0 = Debug|Any CPU
		{6A4813C0-9630-4EED-AA94-22DFEBC634F3}.Release|Any CPU.ActiveCfg = Release|Any CPU
		{6A4813C0-9630-4EED-AA94-22DFEBC634F3}.Release|Any CPU.Build.0 = Release|Any CPU
		{73AD8F91-91B4-4BB9-9371-2AC0030F842B}.Debug|Any CPU.ActiveCfg = Debug|Any CPU
		{73AD8F91-91B4-4BB9-9371-2AC0030F842B}.Debug|Any CPU.Build.0 = Debug|Any CPU
		{73AD8F91-91B4-4BB9-9371-2AC0030F842B}.Release|Any CPU.ActiveCfg = Release|Any CPU
		{73AD8F91-91B4-4BB9-9371-2AC0030F842B}.Release|Any CPU.Build.0 = Release|Any CPU
		{6011B313-B5BE-4EB1-85EA-B5033C4EBDA4}.Debug|Any CPU.ActiveCfg = Debug|Any CPU
		{6011B313-B5BE-4EB1-85EA-B5033C4EBDA4}.Debug|Any CPU.Build.0 = Debug|Any CPU
		{6011B313-B5BE-4EB1-85EA-B5033C4EBDA4}.Release|Any CPU.ActiveCfg = Release|Any CPU
		{6011B313-B5BE-4EB1-85EA-B5033C4EBDA4}.Release|Any CPU.Build.0 = Release|Any CPU
		{3080C14F-FE27-4A11-A11E-7DF1FCF40511}.Debug|Any CPU.ActiveCfg = Debug|Any CPU
		{3080C14F-FE27-4A11-A11E-7DF1FCF40511}.Debug|Any CPU.Build.0 = Debug|Any CPU
		{3080C14F-FE27-4A11-A11E-7DF1FCF40511}.Release|Any CPU.ActiveCfg = Release|Any CPU
		{3080C14F-FE27-4A11-A11E-7DF1FCF40511}.Release|Any CPU.Build.0 = Release|Any CPU
		{AE74754E-CF06-4624-AD95-739CD72FC771}.Debug|Any CPU.ActiveCfg = Debug|Any CPU
		{AE74754E-CF06-4624-AD95-739CD72FC771}.Debug|Any CPU.Build.0 = Debug|Any CPU
		{AE74754E-CF06-4624-AD95-739CD72FC771}.Release|Any CPU.ActiveCfg = Release|Any CPU
		{AE74754E-CF06-4624-AD95-739CD72FC771}.Release|Any CPU.Build.0 = Release|Any CPU
		{9696C698-FEB7-4521-B006-447B7B6FA10C}.Debug|Any CPU.ActiveCfg = Debug|Any CPU
		{9696C698-FEB7-4521-B006-447B7B6FA10C}.Debug|Any CPU.Build.0 = Debug|Any CPU
		{9696C698-FEB7-4521-B006-447B7B6FA10C}.Release|Any CPU.ActiveCfg = Release|Any CPU
		{9696C698-FEB7-4521-B006-447B7B6FA10C}.Release|Any CPU.Build.0 = Release|Any CPU
	EndGlobalSection
	GlobalSection(SolutionProperties) = preSolution
		HideSolutionNode = FALSE
	EndGlobalSection
	GlobalSection(NestedProjects) = preSolution
		{C76FBD7B-4399-46D8-8C4D-EA0CF1193BA3} = {70D0E0A0-E3D6-438B-82CC-E29149BF1DA1}
		{9B1EF3FA-44DB-430C-8264-6DF8FF4269E6} = {70D0E0A0-E3D6-438B-82CC-E29149BF1DA1}
		{6A4813C0-9630-4EED-AA94-22DFEBC634F3} = {15CDAB18-5ADD-4473-9919-2CF4C0CEF1D5}
		{73AD8F91-91B4-4BB9-9371-2AC0030F842B} = {15CDAB18-5ADD-4473-9919-2CF4C0CEF1D5}
		{6011B313-B5BE-4EB1-85EA-B5033C4EBDA4} = {5ED113B8-216E-48A0-80E4-1C8ACC2297D7}
		{3080C14F-FE27-4A11-A11E-7DF1FCF40511} = {70D0E0A0-E3D6-438B-82CC-E29149BF1DA1}
		{AE74754E-CF06-4624-AD95-739CD72FC771} = {70D0E0A0-E3D6-438B-82CC-E29149BF1DA1}
		{9696C698-FEB7-4521-B006-447B7B6FA10C} = {15CDAB18-5ADD-4473-9919-2CF4C0CEF1D5}
	EndGlobalSection
	GlobalSection(ExtensibilityGlobals) = postSolution
		SolutionGuid = {B3411FFE-2016-4EC3-B613-9C6ADDE2CB59}
	EndGlobalSection
EndGlobal
