
<Solution>
  <Folder Name="/Core/">
    <Project Path="Breakdance.Claude/Breakdance.Claude.csproj" Id="b6af0f4b-bc2b-480e-96ab-4cef10c8d05f" />
    <Project Path="CloudNimble.Breakdance.AspNetCore/Breakdance.AspNetCore.csproj" />
    <Project Path="CloudNimble.Breakdance.Assemblies/Breakdance.Assemblies.csproj" />
    <Project Path="CloudNimble.Breakdance.Azurite/Breakdance.Azurite.csproj" />
    <Project Path="CloudNimble.Breakdance.Blazor/Breakdance.Blazor.csproj" />
    <Project Path="CloudNimble.Breakdance.DotHttp/Breakdance.DotHttp.csproj" />
    <Project Path="CloudNimble.Breakdance.WebApi/Breakdance.WebApi.csproj" />
  </Folder>
  <Folder Name="/Docs/">
    <Project Path="CloudNimble.Breakdance.Docs/Breakdance.Docs.docsproj" Type="C#" />
  </Folder>
  <Folder Name="/Extensions/">
    <Project Path="CloudNimble.Breakdance.Extensions.MSTest2/Breakdance.Extensions.MSTest2.csproj" />
  </Folder>
  <Folder Name="/Solution Items/">
    <File Path="../README.md" />
    <File Path=".editorconfig" />
    <File Path=".runsettings" />
    <File Path="breakdance.snk" />
    <File Path="Directory.Build.props" />
    <File Path="global.json" />
  </Folder>
  <Folder Name="/Templates/" />
  <Folder Name="/Tests/">
    <Project Path="CloudNimble.Breakdance.Tests.AspNetCore/Breakdance.Tests.AspNetCore.csproj" />
    <Project Path="CloudNimble.Breakdance.Tests.Assemblies/Breakdance.Tests.Assemblies.csproj" />
    <Project Path="CloudNimble.Breakdance.Tests.Azurite/Breakdance.Tests.Azurite.csproj" />
    <Project Path="CloudNimble.Breakdance.Tests.Blazor/Breakdance.Tests.Blazor.csproj" />
    <Project Path="CloudNimble.Breakdance.Tests.DotHttp/Breakdance.Tests.DotHttp.csproj" />
    <Project Path="CloudNimble.Breakdance.Tests.WebApi/Breakdance.Tests.WebApi.csproj" />
  </Folder>
  <Folder Name="/Tools/">
    <Project Path="CloudNimble.Breakdance.Tools/Breakdance.Tools.csproj" />
  </Folder>
</Solution>