
Microsoft Visual Studio Solution File, Format Version 12.00
# Visual Studio 15
VisualStudioVersion = 15.0.26923.0
MinimumVisualStudioVersion = 10.0.40219.1
Project("{9A19103F-16F7-4668-BE54-9A1E7A4F7556}") = "Breakdance.Restier", "CloudNimble.Breakdance.Restier\Breakdance.Restier.csproj", "{821EC454-7B57-4EAF-A451-EFACBD73E2DA}"
EndProject
Project("{2150E333-8FDC-42A3-9474-1A3956D46DE8}") = "Tests", "Tests", "{15CDAB18-5ADD-4473-9919-2CF4C0CEF1D5}"
EndProject
Project("{2150E333-8FDC-42A3-9474-1A3956D46DE8}") = "Core", "Core", "{70D0E0A0-E3D6-438B-82CC-E29149BF1DA1}"
EndProject
Project("{9A19103F-16F7-4668-BE54-9A1E7A4F7556}") = "Breakdance.OData", "CloudNimble.Breakdance.OData\Breakdance.OData.csproj", "{4331FCCB-C204-4FEE-B753-A52B8003B416}"
EndProject
Project("{FAE04EC0-301F-11D3-BF4B-00C04F79EFBC}") = "Breakdance.Tests.Restier", "CloudNimble.Breakdance.Tests.Restier\Breakdance.Tests.Restier.csproj", "{4ADBBED8-A9DE-48E5-85ED-B2091AA68219}"
EndProject
Project("{9A19103F-16F7-4668-BE54-9A1E7A4F7556}") = "Breakdance.Assemblies", "CloudNimble.Breakdance.Assemblies\Breakdance.Assemblies.csproj", "{C76FBD7B-4399-46D8-8C4D-EA0CF1193BA3}"
EndProject
Project("{9A19103F-16F7-4668-BE54-9A1E7A4F7556}") = "Breakdance.WebApi", "CloudNimble.Breakdance.WebApi\Breakdance.WebApi.csproj", "{9B1EF3FA-44DB-430C-8264-6DF8FF4269E6}"
EndProject
Project("{2150E333-8FDC-42A3-9474-1A3956D46DE8}") = "Solution Items", "Solution Items", "{F4D52396-C8E7-45A4-86AE-A3B626CC80EA}"
	ProjectSection(SolutionItems) = preProject
		..\docs\docfx.json = ..\docs\docfx.json
		..\README.md = ..\README.md
	EndProjectSection
EndProject
Project("{FAE04EC0-301F-11D3-BF4B-00C04F79EFBC}") = "Breakdance.Tests.Assemblies", "CloudNimble.Breakdance.Tests.Assemblies\Breakdance.Tests.Assemblies.csproj", "{6A4813C0-9630-4EED-AA94-22DFEBC634F3}"
EndProject
Project("{FAE04EC0-301F-11D3-BF4B-00C04F79EFBC}") = "Breakdance.Tests.WebApi", "CloudNimble.Breakdance.Tests.WebApi\Breakdance.Tests.WebApi.csproj", "{73AD8F91-91B4-4BB9-9371-2AC0030F842B}"
EndProject
Global
	GlobalSection(SolutionConfigurationPlatforms) = preSolution
		Debug|Any CPU = Debug|Any CPU
		Release|Any CPU = Release|Any CPU
	EndGlobalSection
	GlobalSection(ProjectConfigurationPlatforms) = postSolution
		{821EC454-7B57-4EAF-A451-EFACBD73E2DA}.Debug|Any CPU.ActiveCfg = Debug|Any CPU
		{821EC454-7B57-4EAF-A451-EFACBD73E2DA}.Debug|Any CPU.Build.0 = Debug|Any CPU
		{821EC454-7B57-4EAF-A451-EFACBD73E2DA}.Release|Any CPU.ActiveCfg = Release|Any CPU
		{821EC454-7B57-4EAF-A451-EFACBD73E2DA}.Release|Any CPU.Build.0 = Release|Any CPU
		{4331FCCB-C204-4FEE-B753-A52B8003B416}.Debug|Any CPU.ActiveCfg = Debug|Any CPU
		{4331FCCB-C204-4FEE-B753-A52B8003B416}.Debug|Any CPU.Build.0 = Debug|Any CPU
		{4331FCCB-C204-4FEE-B753-A52B8003B416}.Release|Any CPU.ActiveCfg = Release|Any CPU
		{4331FCCB-C204-4FEE-B753-A52B8003B416}.Release|Any CPU.Build.0 = Release|Any CPU
		{4ADBBED8-A9DE-48E5-85ED-B2091AA68219}.Debug|Any CPU.ActiveCfg = Debug|Any CPU
		{4ADBBED8-A9DE-48E5-85ED-B2091AA68219}.Debug|Any CPU.Build.0 = Debug|Any CPU
		{4ADBBED8-A9DE-48E5-85ED-B2091AA68219}.Release|Any CPU.ActiveCfg = Release|Any CPU
		{4ADBBED8-A9DE-48E5-85ED-B2091AA68219}.Release|Any CPU.Build.0 = Release|Any CPU
		{C76FBD7B-4399-46D8-8C4D-EA0CF1193BA3}.Debug|Any CPU.ActiveCfg = Debug|Any CPU
		{C76FBD7B-4399-46D8-8C4D-EA0CF1193BA3}.Debug|Any CPU.Build.0 = Debug|Any CPU
		{C76FBD7B-4399-46D8-8C4D-EA0CF1193BA3}.Release|Any CPU.ActiveCfg = Release|Any CPU
		{C76FBD7B-4399-46D8-8C4D-EA0CF1193BA3}.Release|Any CPU.Build.0 = Release|Any CPU
		{9B1EF3FA-44DB-430C-8264-6DF8FF4269E6}.Debug|Any CPU.ActiveCfg = Debug|Any CPU
		{9B1EF3FA-44DB-430C-8264-6DF8FF4269E6}.Debug|Any CPU.Build.0 = Debug|Any CPU
		{9B1EF3FA-44DB-430C-8264-6DF8FF4269E6}.Release|Any CPU.ActiveCfg = Release|Any CPU
		{9B1EF3FA-44DB-430C-8264-6DF8FF4269E6}.Release|Any CPU.Build.0 = Release|Any CPU
		{6A4813C0-9630-4EED-AA94-22DFEBC634F3}.Debug|Any CPU.ActiveCfg = Debug|Any CPU
		{6A4813C0-9630-4EED-AA94-22DFEBC634F3}.Debug|Any CPU.Build.0 = Debug|Any CPU
		{6A4813C0-9630-4EED-AA94-22DFEBC634F3}.Release|Any CPU.ActiveCfg = Release|Any CPU
		{6A4813C0-9630-4EED-AA94-22DFEBC634F3}.Release|Any CPU.Build.0 = Release|Any CPU
		{73AD8F91-91B4-4BB9-9371-2AC0030F842B}.Debug|Any CPU.ActiveCfg = Debug|Any CPU
		{73AD8F91-91B4-4BB9-9371-2AC0030F842B}.Debug|Any CPU.Build.0 = Debug|Any CPU
		{73AD8F91-91B4-4BB9-9371-2AC0030F842B}.Release|Any CPU.ActiveCfg = Release|Any CPU
		{73AD8F91-91B4-4BB9-9371-2AC0030F842B}.Release|Any CPU.Build.0 = Release|Any CPU
	EndGlobalSection
	GlobalSection(SolutionProperties) = preSolution
		HideSolutionNode = FALSE
	EndGlobalSection
	GlobalSection(NestedProjects) = preSolution
		{821EC454-7B57-4EAF-A451-EFACBD73E2DA} = {70D0E0A0-E3D6-438B-82CC-E29149BF1DA1}
		{4331FCCB-C204-4FEE-B753-A52B8003B416} = {70D0E0A0-E3D6-438B-82CC-E29149BF1DA1}
		{4ADBBED8-A9DE-48E5-85ED-B2091AA68219} = {15CDAB18-5ADD-4473-9919-2CF4C0CEF1D5}
		{C76FBD7B-4399-46D8-8C4D-EA0CF1193BA3} = {70D0E0A0-E3D6-438B-82CC-E29149BF1DA1}
		{9B1EF3FA-44DB-430C-8264-6DF8FF4269E6} = {70D0E0A0-E3D6-438B-82CC-E29149BF1DA1}
		{6A4813C0-9630-4EED-AA94-22DFEBC634F3} = {15CDAB18-5ADD-4473-9919-2CF4C0CEF1D5}
		{73AD8F91-91B4-4BB9-9371-2AC0030F842B} = {15CDAB18-5ADD-4473-9919-2CF4C0CEF1D5}
	EndGlobalSection
	GlobalSection(ExtensibilityGlobals) = postSolution
		SolutionGuid = {B3411FFE-2016-4EC3-B613-9C6ADDE2CB59}
	EndGlobalSection
EndGlobal
